// !$*UTF8*$!
{
	archiveVersion = 1;
	classes = {
	};
	objectVersion = 44;
	objects = {

/* Begin PBXBuildFile section */
		431A0C3E0CC5149E00DE7BAE /* BDocument.h in Headers */ = {isa = PBXBuildFile; fileRef = 431A0C3C0CC5149E00DE7BAE /* BDocument.h */; settings = {ATTRIBUTES = (Public, ); }; };
		431A0C3F0CC5149E00DE7BAE /* BDocument.m in Sources */ = {isa = PBXBuildFile; fileRef = 431A0C3D0CC5149E00DE7BAE /* BDocument.m */; };
		431A0C440CC514B900DE7BAE /* BDocumentWindowController.h in Headers */ = {isa = PBXBuildFile; fileRef = 431A0C420CC514B900DE7BAE /* BDocumentWindowController.h */; settings = {ATTRIBUTES = (Public, ); }; };
		431A0C450CC514B900DE7BAE /* BDocumentWindowController.m in Sources */ = {isa = PBXBuildFile; fileRef = 431A0C430CC514B900DE7BAE /* BDocumentWindowController.m */; };
		437D71590C9178DE0051C06D /* Blocks.framework in Frameworks */ = {isa = PBXBuildFile; fileRef = 437D71540C9178D80051C06D /* Blocks.framework */; };
		437D716D0C9179050051C06D /* Plugin.xml in Resources */ = {isa = PBXBuildFile; fileRef = 437D716C0C9179050051C06D /* Plugin.xml */; };
		437D71750C91792B0051C06D /* Localizable.strings in Resources */ = {isa = PBXBuildFile; fileRef = 437D71740C91792B0051C06D /* Localizable.strings */; };
		437D71840C9179BD0051C06D /* BDocumentController.m in Sources */ = {isa = PBXBuildFile; fileRef = 437D71830C9179BD0051C06D /* BDocumentController.m */; };
		437D72510C9198C90051C06D /* BDocuments.m in Sources */ = {isa = PBXBuildFile; fileRef = 437D72500C9198C90051C06D /* BDocuments.m */; };
		43B2906E0CA3EE6700AE1802 /* BDocumentController.h in Headers */ = {isa = PBXBuildFile; fileRef = 437D71820C9179BD0051C06D /* BDocumentController.h */; settings = {ATTRIBUTES = (Public, ); }; };
		43EF1E480CA2F14600138C91 /* BDocuments.h in Headers */ = {isa = PBXBuildFile; fileRef = 437D724F0C9198C90051C06D /* BDocuments.h */; settings = {ATTRIBUTES = (Public, ); }; };
		889A4F280D5A5A3C00D1E8E9 /* com.blocks.BDocuments.markdown in Resources */ = {isa = PBXBuildFile; fileRef = 889A4F270D5A5A3C00D1E8E9 /* com.blocks.BDocuments.markdown */; };
		889A4F2B0D5A5A5D00D1E8E9 /* com.blocks.BDocuments.documentControllerDelegate.markdown in Resources */ = {isa = PBXBuildFile; fileRef = 889A4F2A0D5A5A5D00D1E8E9 /* com.blocks.BDocuments.documentControllerDelegate.markdown */; };
		889A4F2D0D5A5A8300D1E8E9 /* com.blocks.BDocuments.documentDefaultWindowControllersFactory.markdown in Resources */ = {isa = PBXBuildFile; fileRef = 889A4F2C0D5A5A8300D1E8E9 /* com.blocks.BDocuments.documentDefaultWindowControllersFactory.markdown */; };
		889EAE250F007874003D8453 /* BDiffMatchPatch.h in Headers */ = {isa = PBXBuildFile; fileRef = 889EAE210F007874003D8453 /* BDiffMatchPatch.h */; settings = {ATTRIBUTES = (Public, ); }; };
		889EAE260F007874003D8453 /* BDiffMatchPatch.m in Sources */ = {isa = PBXBuildFile; fileRef = 889EAE220F007874003D8453 /* BDiffMatchPatch.m */; };
		88A3519C0E97A34E0019988C /* theme.plist in Resources */ = {isa = PBXBuildFile; fileRef = 88A3519B0E97A34E0019988C /* theme.plist */; };
		88A3521D0E980EEE0019988C /* WebKit.framework in Frameworks */ = {isa = PBXBuildFile; fileRef = 88A3521C0E980EEE0019988C /* WebKit.framework */; };
		88A36C860F14FBCE00EAA3FD /* BDocumentDifferencesWindowController.h in Headers */ = {isa = PBXBuildFile; fileRef = 88A36C840F14FBCE00EAA3FD /* BDocumentDifferencesWindowController.h */; };
		88A36C870F14FBCE00EAA3FD /* BDocumentDifferencesWindowController.m in Sources */ = {isa = PBXBuildFile; fileRef = 88A36C850F14FBCE00EAA3FD /* BDocumentDifferencesWindowController.m */; };
		88A36CA40F14FC2C00EAA3FD /* BDocumentDifferencesWindow.xib in Resources */ = {isa = PBXBuildFile; fileRef = 88A36CA30F14FC2C00EAA3FD /* BDocumentDifferencesWindow.xib */; };
		88A46F490E914E4200E29F5B /* SystemConfiguration.framework in Frameworks */ = {isa = PBXBuildFile; fileRef = 88A46F480E914E4200E29F5B /* SystemConfiguration.framework */; };
		88A46F5A0E9159FD00E29F5B /* BDocumentCloud.h in Headers */ = {isa = PBXBuildFile; fileRef = 88A46F580E9159FD00E29F5B /* BDocumentCloud.h */; };
		88A46F5B0E9159FD00E29F5B /* BDocumentCloud.m in Sources */ = {isa = PBXBuildFile; fileRef = 88A46F590E9159FD00E29F5B /* BDocumentCloud.m */; };
		88A470CE0E918EE200E29F5B /* SBJSON.m in Sources */ = {isa = PBXBuildFile; fileRef = 88A470C70E918EE200E29F5B /* SBJSON.m */; };
		88A470CF0E918EE200E29F5B /* SBJSON.h in Headers */ = {isa = PBXBuildFile; fileRef = 88A470C80E918EE200E29F5B /* SBJSON.h */; settings = {ATTRIBUTES = (Public, ); }; };
		88A470D00E918EE200E29F5B /* NSString+SBJSON.m in Sources */ = {isa = PBXBuildFile; fileRef = 88A470C90E918EE200E29F5B /* NSString+SBJSON.m */; };
		88A470D10E918EE200E29F5B /* NSString+SBJSON.h in Headers */ = {isa = PBXBuildFile; fileRef = 88A470CA0E918EE200E29F5B /* NSString+SBJSON.h */; settings = {ATTRIBUTES = (Public, ); }; };
		88A470D20E918EE200E29F5B /* NSObject+SBJSON.m in Sources */ = {isa = PBXBuildFile; fileRef = 88A470CB0E918EE200E29F5B /* NSObject+SBJSON.m */; };
		88A470D30E918EE200E29F5B /* NSObject+SBJSON.h in Headers */ = {isa = PBXBuildFile; fileRef = 88A470CC0E918EE200E29F5B /* NSObject+SBJSON.h */; settings = {ATTRIBUTES = (Public, ); }; };
		88A470D40E918EE200E29F5B /* JSON.h in Headers */ = {isa = PBXBuildFile; fileRef = 88A470CD0E918EE200E29F5B /* JSON.h */; settings = {ATTRIBUTES = (Public, ); }; };
		8D5B49B0048680CD000E48DA /* InfoPlist.strings in Resources */ = {isa = PBXBuildFile; fileRef = 089C167DFE841241C02AAC07 /* InfoPlist.strings */; };
		8D5B49B4048680CD000E48DA /* Cocoa.framework in Frameworks */ = {isa = PBXBuildFile; fileRef = 1058C7ADFEA557BF11CA2CBB /* Cocoa.framework */; };
/* End PBXBuildFile section */

/* Begin PBXContainerItemProxy section */
		437D71530C9178D80051C06D /* PBXContainerItemProxy */ = {
			isa = PBXContainerItemProxy;
			containerPortal = 437D714F0C9178D80051C06D /* Blocks.xcodeproj */;
			proxyType = 2;
			remoteGlobalIDString = 8DC2EF5B0486A6940098B216;
			remoteInfo = Blocks;
		};
		437D715C0C9178E60051C06D /* PBXContainerItemProxy */ = {
			isa = PBXContainerItemProxy;
			containerPortal = 437D714F0C9178D80051C06D /* Blocks.xcodeproj */;
			proxyType = 1;
			remoteGlobalIDString = 8DC2EF4F0486A6940098B216;
			remoteInfo = Blocks;
		};
/* End PBXContainerItemProxy section */

/* Begin PBXFileReference section */
		089C1672FE841209C02AAC07 /* Foundation.framework */ = {isa = PBXFileReference; lastKnownFileType = wrapper.framework; name = Foundation.framework; path = /System/Library/Frameworks/Foundation.framework; sourceTree = "<absolute>"; };
		089C167EFE841241C02AAC07 /* English */ = {isa = PBXFileReference; fileEncoding = 10; lastKnownFileType = text.plist.strings; name = English; path = English.lproj/InfoPlist.strings; sourceTree = "<group>"; };
		089C167FFE841241C02AAC07 /* AppKit.framework */ = {isa = PBXFileReference; lastKnownFileType = wrapper.framework; name = AppKit.framework; path = /System/Library/Frameworks/AppKit.framework; sourceTree = "<absolute>"; };
		1058C7ADFEA557BF11CA2CBB /* Cocoa.framework */ = {isa = PBXFileReference; lastKnownFileType = wrapper.framework; name = Cocoa.framework; path = /System/Library/Frameworks/Cocoa.framework; sourceTree = "<absolute>"; };
		32DBCF630370AF2F00C91783 /* BDocuments_Prefix.pch */ = {isa = PBXFileReference; fileEncoding = 4; lastKnownFileType = sourcecode.c.h; path = BDocuments_Prefix.pch; sourceTree = "<group>"; };
		431A0C3C0CC5149E00DE7BAE /* BDocument.h */ = {isa = PBXFileReference; fileEncoding = 4; lastKnownFileType = sourcecode.c.h; path = BDocument.h; sourceTree = "<group>"; };
		431A0C3D0CC5149E00DE7BAE /* BDocument.m */ = {isa = PBXFileReference; fileEncoding = 4; lastKnownFileType = sourcecode.c.objc; path = BDocument.m; sourceTree = "<group>"; };
		431A0C420CC514B900DE7BAE /* BDocumentWindowController.h */ = {isa = PBXFileReference; fileEncoding = 4; lastKnownFileType = sourcecode.c.h; path = BDocumentWindowController.h; sourceTree = "<group>"; };
		431A0C430CC514B900DE7BAE /* BDocumentWindowController.m */ = {isa = PBXFileReference; fileEncoding = 4; lastKnownFileType = sourcecode.c.objc; path = BDocumentWindowController.m; sourceTree = "<group>"; };
		437D714F0C9178D80051C06D /* Blocks.xcodeproj */ = {isa = PBXFileReference; lastKnownFileType = "wrapper.pb-project"; name = Blocks.xcodeproj; path = ../Blocks/Blocks.xcodeproj; sourceTree = SOURCE_ROOT; };
		437D716C0C9179050051C06D /* Plugin.xml */ = {isa = PBXFileReference; fileEncoding = 4; lastKnownFileType = text.xml; path = Plugin.xml; sourceTree = "<group>"; };
		437D71700C91791F0051C06D /* English */ = {isa = PBXFileReference; fileEncoding = 10; lastKnownFileType = text.plist.strings; name = English; path = English.lproj/Localizable.strings; sourceTree = "<group>"; };
		437D71820C9179BD0051C06D /* BDocumentController.h */ = {isa = PBXFileReference; fileEncoding = 4; lastKnownFileType = sourcecode.c.h; path = BDocumentController.h; sourceTree = "<group>"; };
		437D71830C9179BD0051C06D /* BDocumentController.m */ = {isa = PBXFileReference; fileEncoding = 4; lastKnownFileType = sourcecode.c.objc; path = BDocumentController.m; sourceTree = "<group>"; };
		437D724F0C9198C90051C06D /* BDocuments.h */ = {isa = PBXFileReference; fileEncoding = 4; lastKnownFileType = sourcecode.c.h; path = BDocuments.h; sourceTree = "<group>"; };
		437D72500C9198C90051C06D /* BDocuments.m */ = {isa = PBXFileReference; fileEncoding = 4; lastKnownFileType = sourcecode.c.objc; path = BDocuments.m; sourceTree = "<group>"; };
		889A4F270D5A5A3C00D1E8E9 /* com.blocks.BDocuments.markdown */ = {isa = PBXFileReference; fileEncoding = 4; lastKnownFileType = text; path = com.blocks.BDocuments.markdown; sourceTree = "<group>"; wrapsLines = 1; };
		889A4F2A0D5A5A5D00D1E8E9 /* com.blocks.BDocuments.documentControllerDelegate.markdown */ = {isa = PBXFileReference; fileEncoding = 4; lastKnownFileType = text; path = com.blocks.BDocuments.documentControllerDelegate.markdown; sourceTree = "<group>"; wrapsLines = 1; };
		889A4F2C0D5A5A8300D1E8E9 /* com.blocks.BDocuments.documentDefaultWindowControllersFactory.markdown */ = {isa = PBXFileReference; fileEncoding = 4; lastKnownFileType = text; path = com.blocks.BDocuments.documentDefaultWindowControllersFactory.markdown; sourceTree = "<group>"; wrapsLines = 1; };
		889EAE200F007874003D8453 /* BDiffMatchPatchTest.m */ = {isa = PBXFileReference; fileEncoding = 4; lastKnownFileType = sourcecode.c.objc; path = BDiffMatchPatchTest.m; sourceTree = "<group>"; };
		889EAE210F007874003D8453 /* BDiffMatchPatch.h */ = {isa = PBXFileReference; fileEncoding = 4; lastKnownFileType = sourcecode.c.h; path = BDiffMatchPatch.h; sourceTree = "<group>"; };
		889EAE220F007874003D8453 /* BDiffMatchPatch.m */ = {isa = PBXFileReference; fileEncoding = 4; lastKnownFileType = sourcecode.c.objc; path = BDiffMatchPatch.m; sourceTree = "<group>"; };
		889EAE230F007874003D8453 /* BDiffMatchPatchTest.h */ = {isa = PBXFileReference; fileEncoding = 4; lastKnownFileType = sourcecode.c.h; path = BDiffMatchPatchTest.h; sourceTree = "<group>"; };
		88A3519B0E97A34E0019988C /* theme.plist */ = {isa = PBXFileReference; fileEncoding = 4; lastKnownFileType = text.plist.xml; path = theme.plist; sourceTree = "<group>"; };
		88A3521C0E980EEE0019988C /* WebKit.framework */ = {isa = PBXFileReference; lastKnownFileType = wrapper.framework; name = WebKit.framework; path = System/Library/Frameworks/WebKit.framework; sourceTree = SDKROOT; };
		88A36C840F14FBCE00EAA3FD /* BDocumentDifferencesWindowController.h */ = {isa = PBXFileReference; fileEncoding = 4; lastKnownFileType = sourcecode.c.h; path = BDocumentDifferencesWindowController.h; sourceTree = "<group>"; };
		88A36C850F14FBCE00EAA3FD /* BDocumentDifferencesWindowController.m */ = {isa = PBXFileReference; fileEncoding = 4; lastKnownFileType = sourcecode.c.objc; path = BDocumentDifferencesWindowController.m; sourceTree = "<group>"; };
		88A36CA10F14FC2700EAA3FD /* English */ = {isa = PBXFileReference; lastKnownFileType = file.xib; name = English; path = English.lproj/BDocumentDifferencesWindow.xib; sourceTree = "<group>"; };
		88A46F480E914E4200E29F5B /* SystemConfiguration.framework */ = {isa = PBXFileReference; lastKnownFileType = wrapper.framework; name = SystemConfiguration.framework; path = /System/Library/Frameworks/SystemConfiguration.framework; sourceTree = "<absolute>"; };
		88A46F580E9159FD00E29F5B /* BDocumentCloud.h */ = {isa = PBXFileReference; fileEncoding = 4; lastKnownFileType = sourcecode.c.h; path = BDocumentCloud.h; sourceTree = "<group>"; };
		88A46F590E9159FD00E29F5B /* BDocumentCloud.m */ = {isa = PBXFileReference; fileEncoding = 4; lastKnownFileType = sourcecode.c.objc; path = BDocumentCloud.m; sourceTree = "<group>"; };
		88A470C70E918EE200E29F5B /* SBJSON.m */ = {isa = PBXFileReference; fileEncoding = 4; lastKnownFileType = sourcecode.c.objc; path = SBJSON.m; sourceTree = "<group>"; };
		88A470C80E918EE200E29F5B /* SBJSON.h */ = {isa = PBXFileReference; fileEncoding = 4; lastKnownFileType = sourcecode.c.h; path = SBJSON.h; sourceTree = "<group>"; };
		88A470C90E918EE200E29F5B /* NSString+SBJSON.m */ = {isa = PBXFileReference; fileEncoding = 4; lastKnownFileType = sourcecode.c.objc; path = "NSString+SBJSON.m"; sourceTree = "<group>"; };
		88A470CA0E918EE200E29F5B /* NSString+SBJSON.h */ = {isa = PBXFileReference; fileEncoding = 4; lastKnownFileType = sourcecode.c.h; path = "NSString+SBJSON.h"; sourceTree = "<group>"; };
		88A470CB0E918EE200E29F5B /* NSObject+SBJSON.m */ = {isa = PBXFileReference; fileEncoding = 4; lastKnownFileType = sourcecode.c.objc; path = "NSObject+SBJSON.m"; sourceTree = "<group>"; };
		88A470CC0E918EE200E29F5B /* NSObject+SBJSON.h */ = {isa = PBXFileReference; fileEncoding = 4; lastKnownFileType = sourcecode.c.h; path = "NSObject+SBJSON.h"; sourceTree = "<group>"; };
		88A470CD0E918EE200E29F5B /* JSON.h */ = {isa = PBXFileReference; fileEncoding = 4; lastKnownFileType = sourcecode.c.h; path = JSON.h; sourceTree = "<group>"; };
		8D5B49B6048680CD000E48DA /* BDocuments.plugin */ = {isa = PBXFileReference; explicitFileType = wrapper.cfbundle; includeInIndex = 0; path = BDocuments.plugin; sourceTree = BUILT_PRODUCTS_DIR; };
		8D5B49B7048680CD000E48DA /* Info.plist */ = {isa = PBXFileReference; fileEncoding = 4; lastKnownFileType = text.plist.xml; path = Info.plist; sourceTree = "<group>"; };
		D2F7E65807B2D6F200F64583 /* CoreData.framework */ = {isa = PBXFileReference; lastKnownFileType = wrapper.framework; name = CoreData.framework; path = /System/Library/Frameworks/CoreData.framework; sourceTree = "<absolute>"; };
/* End PBXFileReference section */

/* Begin PBXFrameworksBuildPhase section */
		8D5B49B3048680CD000E48DA /* Frameworks */ = {
			isa = PBXFrameworksBuildPhase;
			buildActionMask = 2147483647;
			files = (
				437D71590C9178DE0051C06D /* Blocks.framework in Frameworks */,
				8D5B49B4048680CD000E48DA /* Cocoa.framework in Frameworks */,
				88A46F490E914E4200E29F5B /* SystemConfiguration.framework in Frameworks */,
				88A3521D0E980EEE0019988C /* WebKit.framework in Frameworks */,
			);
			runOnlyForDeploymentPostprocessing = 0;
		};
/* End PBXFrameworksBuildPhase section */

/* Begin PBXGroup section */
		089C166AFE841209C02AAC07 /* BDocuments */ = {
			isa = PBXGroup;
			children = (
				437D714F0C9178D80051C06D /* Blocks.xcodeproj */,
				437D724F0C9198C90051C06D /* BDocuments.h */,
				437D72500C9198C90051C06D /* BDocuments.m */,
				32C88E010371C26100C91783 /* Other Sources */,
				08FB77AFFE84173DC02AAC07 /* Classes */,
				089C167CFE841241C02AAC07 /* Resources */,
				089C1671FE841209C02AAC07 /* Frameworks and Libraries */,
				19C28FB8FE9D52D311CA2CBB /* Products */,
				88A3521C0E980EEE0019988C /* WebKit.framework */,
			);
			name = BDocuments;
			sourceTree = "<group>";
		};
		089C1671FE841209C02AAC07 /* Frameworks and Libraries */ = {
			isa = PBXGroup;
			children = (
				1058C7ACFEA557BF11CA2CBB /* Linked Frameworks */,
				1058C7AEFEA557BF11CA2CBB /* Other Frameworks */,
			);
			name = "Frameworks and Libraries";
			sourceTree = "<group>";
		};
		089C167CFE841241C02AAC07 /* Resources */ = {
			isa = PBXGroup;
			children = (
				8D5B49B7048680CD000E48DA /* Info.plist */,
				88A3519B0E97A34E0019988C /* theme.plist */,
				089C167DFE841241C02AAC07 /* InfoPlist.strings */,
				437D71740C91792B0051C06D /* Localizable.strings */,
				88A36CA30F14FC2C00EAA3FD /* BDocumentDifferencesWindow.xib */,
				437D716C0C9179050051C06D /* Plugin.xml */,
				889A4F270D5A5A3C00D1E8E9 /* com.blocks.BDocuments.markdown */,
				889A4F2A0D5A5A5D00D1E8E9 /* com.blocks.BDocuments.documentControllerDelegate.markdown */,
				889A4F2C0D5A5A8300D1E8E9 /* com.blocks.BDocuments.documentDefaultWindowControllersFactory.markdown */,
			);
			name = Resources;
			sourceTree = "<group>";
		};
		08FB77AFFE84173DC02AAC07 /* Classes */ = {
			isa = PBXGroup;
			children = (
				437D71820C9179BD0051C06D /* BDocumentController.h */,
				437D71830C9179BD0051C06D /* BDocumentController.m */,
				431A0C3C0CC5149E00DE7BAE /* BDocument.h */,
				431A0C3D0CC5149E00DE7BAE /* BDocument.m */,
				431A0C420CC514B900DE7BAE /* BDocumentWindowController.h */,
				431A0C430CC514B900DE7BAE /* BDocumentWindowController.m */,
				88A46F580E9159FD00E29F5B /* BDocumentCloud.h */,
				88A46F590E9159FD00E29F5B /* BDocumentCloud.m */,
				889EAE210F007874003D8453 /* BDiffMatchPatch.h */,
				889EAE220F007874003D8453 /* BDiffMatchPatch.m */,
				889EAE230F007874003D8453 /* BDiffMatchPatchTest.h */,
				889EAE200F007874003D8453 /* BDiffMatchPatchTest.m */,
				88A36C840F14FBCE00EAA3FD /* BDocumentDifferencesWindowController.h */,
				88A36C850F14FBCE00EAA3FD /* BDocumentDifferencesWindowController.m */,
				88A470D60E918EE600E29F5B /* JSON */,
			);
			name = Classes;
			sourceTree = "<group>";
		};
		1058C7ACFEA557BF11CA2CBB /* Linked Frameworks */ = {
			isa = PBXGroup;
			children = (
				1058C7ADFEA557BF11CA2CBB /* Cocoa.framework */,
				88A46F480E914E4200E29F5B /* SystemConfiguration.framework */,
			);
			name = "Linked Frameworks";
			sourceTree = "<group>";
		};
		1058C7AEFEA557BF11CA2CBB /* Other Frameworks */ = {
			isa = PBXGroup;
			children = (
				089C167FFE841241C02AAC07 /* AppKit.framework */,
				D2F7E65807B2D6F200F64583 /* CoreData.framework */,
				089C1672FE841209C02AAC07 /* Foundation.framework */,
			);
			name = "Other Frameworks";
			sourceTree = "<group>";
		};
		19C28FB8FE9D52D311CA2CBB /* Products */ = {
			isa = PBXGroup;
			children = (
				8D5B49B6048680CD000E48DA /* BDocuments.plugin */,
			);
			name = Products;
			sourceTree = "<group>";
		};
		32C88E010371C26100C91783 /* Other Sources */ = {
			isa = PBXGroup;
			children = (
				32DBCF630370AF2F00C91783 /* BDocuments_Prefix.pch */,
			);
			name = "Other Sources";
			sourceTree = "<group>";
		};
		437D71500C9178D80051C06D /* Products */ = {
			isa = PBXGroup;
			children = (
				437D71540C9178D80051C06D /* Blocks.framework */,
			);
			name = Products;
			sourceTree = "<group>";
		};
		88A470D60E918EE600E29F5B /* JSON */ = {
			isa = PBXGroup;
			children = (
				88A470CD0E918EE200E29F5B /* JSON.h */,
				88A470C80E918EE200E29F5B /* SBJSON.h */,
				88A470C70E918EE200E29F5B /* SBJSON.m */,
				88A470CA0E918EE200E29F5B /* NSString+SBJSON.h */,
				88A470C90E918EE200E29F5B /* NSString+SBJSON.m */,
				88A470CC0E918EE200E29F5B /* NSObject+SBJSON.h */,
				88A470CB0E918EE200E29F5B /* NSObject+SBJSON.m */,
			);
			name = JSON;
			sourceTree = "<group>";
		};
/* End PBXGroup section */

/* Begin PBXHeadersBuildPhase section */
		43EF1E420CA2F12200138C91 /* Headers */ = {
			isa = PBXHeadersBuildPhase;
			buildActionMask = 2147483647;
			files = (
				43B2906E0CA3EE6700AE1802 /* BDocumentController.h in Headers */,
				43EF1E480CA2F14600138C91 /* BDocuments.h in Headers */,
				431A0C3E0CC5149E00DE7BAE /* BDocument.h in Headers */,
				431A0C440CC514B900DE7BAE /* BDocumentWindowController.h in Headers */,
				88A46F5A0E9159FD00E29F5B /* BDocumentCloud.h in Headers */,
				88A470CF0E918EE200E29F5B /* SBJSON.h in Headers */,
				88A470D10E918EE200E29F5B /* NSString+SBJSON.h in Headers */,
				88A470D30E918EE200E29F5B /* NSObject+SBJSON.h in Headers */,
				88A470D40E918EE200E29F5B /* JSON.h in Headers */,
				889EAE250F007874003D8453 /* BDiffMatchPatch.h in Headers */,
				88A36C860F14FBCE00EAA3FD /* BDocumentDifferencesWindowController.h in Headers */,
			);
			runOnlyForDeploymentPostprocessing = 0;
		};
/* End PBXHeadersBuildPhase section */

/* Begin PBXNativeTarget section */
		8D5B49AC048680CD000E48DA /* BDocuments */ = {
			isa = PBXNativeTarget;
			buildConfigurationList = 1DEB913A08733D840010E9CD /* Build configuration list for PBXNativeTarget "BDocuments" */;
			buildPhases = (
				437D717B0C9179470051C06D /* Run genstrings Script */,
				43EF1E420CA2F12200138C91 /* Headers */,
				8D5B49AF048680CD000E48DA /* Resources */,
				8D5B49B1048680CD000E48DA /* Sources */,
				8D5B49B3048680CD000E48DA /* Frameworks */,
			);
			buildRules = (
			);
			dependencies = (
				437D715D0C9178E60051C06D /* PBXTargetDependency */,
			);
			name = BDocuments;
			productInstallPath = "$(HOME)/Library/Bundles";
			productName = BDocuments;
			productReference = 8D5B49B6048680CD000E48DA /* BDocuments.plugin */;
			productType = "com.apple.product-type.bundle";
		};
/* End PBXNativeTarget section */

/* Begin PBXProject section */
		089C1669FE841209C02AAC07 /* Project object */ = {
			isa = PBXProject;
			buildConfigurationList = 1DEB913E08733D840010E9CD /* Build configuration list for PBXProject "BDocuments" */;
			compatibilityVersion = "Xcode 3.0";
			hasScannedForEncodings = 1;
			mainGroup = 089C166AFE841209C02AAC07 /* BDocuments */;
			projectDirPath = "";
			projectReferences = (
				{
					ProductGroup = 437D71500C9178D80051C06D /* Products */;
					ProjectRef = 437D714F0C9178D80051C06D /* Blocks.xcodeproj */;
				},
			);
			projectRoot = "";
			targets = (
				8D5B49AC048680CD000E48DA /* BDocuments */,
			);
		};
/* End PBXProject section */

/* Begin PBXReferenceProxy section */
		437D71540C9178D80051C06D /* Blocks.framework */ = {
			isa = PBXReferenceProxy;
			fileType = wrapper.framework;
			path = Blocks.framework;
			remoteRef = 437D71530C9178D80051C06D /* PBXContainerItemProxy */;
			sourceTree = BUILT_PRODUCTS_DIR;
		};
/* End PBXReferenceProxy section */

/* Begin PBXResourcesBuildPhase section */
		8D5B49AF048680CD000E48DA /* Resources */ = {
			isa = PBXResourcesBuildPhase;
			buildActionMask = 2147483647;
			files = (
				8D5B49B0048680CD000E48DA /* InfoPlist.strings in Resources */,
				437D716D0C9179050051C06D /* Plugin.xml in Resources */,
				437D71750C91792B0051C06D /* Localizable.strings in Resources */,
				889A4F280D5A5A3C00D1E8E9 /* com.blocks.BDocuments.markdown in Resources */,
				889A4F2B0D5A5A5D00D1E8E9 /* com.blocks.BDocuments.documentControllerDelegate.markdown in Resources */,
				889A4F2D0D5A5A8300D1E8E9 /* com.blocks.BDocuments.documentDefaultWindowControllersFactory.markdown in Resources */,
				88A3519C0E97A34E0019988C /* theme.plist in Resources */,
				88A36CA40F14FC2C00EAA3FD /* BDocumentDifferencesWindow.xib in Resources */,
			);
			runOnlyForDeploymentPostprocessing = 0;
		};
/* End PBXResourcesBuildPhase section */

/* Begin PBXShellScriptBuildPhase section */
		437D717B0C9179470051C06D /* Run genstrings Script */ = {
			isa = PBXShellScriptBuildPhase;
			buildActionMask = 2147483647;
			files = (
			);
			inputPaths = (
			);
			name = "Run genstrings Script";
			outputPaths = (
			);
			runOnlyForDeploymentPostprocessing = 0;
			shellPath = /bin/sh;
			shellScript = "if [ $CONFIGURATION != 'Release' ]; then\n\texit\nfi\n\ngenstrings -s BLocalizedString -o English.lproj/ *.[mch] */*.[mch]\n";
		};
/* End PBXShellScriptBuildPhase section */

/* Begin PBXSourcesBuildPhase section */
		8D5B49B1048680CD000E48DA /* Sources */ = {
			isa = PBXSourcesBuildPhase;
			buildActionMask = 2147483647;
			files = (
				437D71840C9179BD0051C06D /* BDocumentController.m in Sources */,
				437D72510C9198C90051C06D /* BDocuments.m in Sources */,
				431A0C3F0CC5149E00DE7BAE /* BDocument.m in Sources */,
				431A0C450CC514B900DE7BAE /* BDocumentWindowController.m in Sources */,
				88A46F5B0E9159FD00E29F5B /* BDocumentCloud.m in Sources */,
				88A470CE0E918EE200E29F5B /* SBJSON.m in Sources */,
				88A470D00E918EE200E29F5B /* NSString+SBJSON.m in Sources */,
				88A470D20E918EE200E29F5B /* NSObject+SBJSON.m in Sources */,
				889EAE260F007874003D8453 /* BDiffMatchPatch.m in Sources */,
				88A36C870F14FBCE00EAA3FD /* BDocumentDifferencesWindowController.m in Sources */,
			);
			runOnlyForDeploymentPostprocessing = 0;
		};
/* End PBXSourcesBuildPhase section */

/* Begin PBXTargetDependency section */
		437D715D0C9178E60051C06D /* PBXTargetDependency */ = {
			isa = PBXTargetDependency;
			name = Blocks;
			targetProxy = 437D715C0C9178E60051C06D /* PBXContainerItemProxy */;
		};
/* End PBXTargetDependency section */

/* Begin PBXVariantGroup section */
		089C167DFE841241C02AAC07 /* InfoPlist.strings */ = {
			isa = PBXVariantGroup;
			children = (
				089C167EFE841241C02AAC07 /* English */,
			);
			name = InfoPlist.strings;
			sourceTree = "<group>";
		};
		437D71740C91792B0051C06D /* Localizable.strings */ = {
			isa = PBXVariantGroup;
			children = (
				437D71700C91791F0051C06D /* English */,
			);
			name = Localizable.strings;
			sourceTree = "<group>";
		};
		88A36CA30F14FC2C00EAA3FD /* BDocumentDifferencesWindow.xib */ = {
			isa = PBXVariantGroup;
			children = (
				88A36CA10F14FC2700EAA3FD /* English */,
			);
			name = BDocumentDifferencesWindow.xib;
			sourceTree = "<group>";
		};
/* End PBXVariantGroup section */

/* Begin XCBuildConfiguration section */
		1DEB913B08733D840010E9CD /* Debug */ = {
			isa = XCBuildConfiguration;
			buildSettings = {
				COPY_PHASE_STRIP = NO;
				GCC_C_LANGUAGE_STANDARD = c99;
				GCC_DYNAMIC_NO_PIC = NO;
				GCC_ENABLE_FIX_AND_CONTINUE = YES;
				GCC_MODEL_TUNING = G5;
				GCC_OPTIMIZATION_LEVEL = 0;
				GCC_PRECOMPILE_PREFIX_HEADER = YES;
				GCC_PREFIX_HEADER = BDocuments_Prefix.pch;
				INFOPLIST_FILE = Info.plist;
				INSTALL_PATH = "$(HOME)/Library/Bundles";
				PRODUCT_NAME = BDocuments;
				WRAPPER_EXTENSION = plugin;
			};
			name = Debug;
		};
		1DEB913C08733D840010E9CD /* Release */ = {
			isa = XCBuildConfiguration;
			buildSettings = {
				GCC_C_LANGUAGE_STANDARD = c99;
				GCC_GENERATE_DEBUGGING_SYMBOLS = NO;
				GCC_MODEL_TUNING = G5;
				GCC_PRECOMPILE_PREFIX_HEADER = YES;
				GCC_PREFIX_HEADER = BDocuments_Prefix.pch;
				INFOPLIST_FILE = Info.plist;
				INSTALL_PATH = "$(HOME)/Library/Bundles";
				PRODUCT_NAME = BDocuments;
				WRAPPER_EXTENSION = plugin;
			};
			name = Release;
		};
		1DEB913F08733D840010E9CD /* Debug */ = {
			isa = XCBuildConfiguration;
			buildSettings = {
				GCC_ENABLE_OBJC_GC = required;
				GCC_WARN_ABOUT_RETURN_TYPE = YES;
				GCC_WARN_UNUSED_VARIABLE = YES;
				IBC_FLATTEN_NIBS = NO;
				PREBINDING = NO;
				SDKROOT = "$(DEVELOPER_SDK_DIR)/MacOSX10.5.sdk";
			};
			name = Debug;
		};
		1DEB914008733D840010E9CD /* Release */ = {
			isa = XCBuildConfiguration;
			buildSettings = {
				ARCHS = (
					ppc,
					i386,
				);
				GCC_ENABLE_OBJC_GC = required;
				GCC_WARN_ABOUT_RETURN_TYPE = YES;
				GCC_WARN_UNUSED_VARIABLE = YES;
				IBC_FLATTEN_NIBS = NO;
				PREBINDING = NO;
				SDKROOT = "$(DEVELOPER_SDK_DIR)/MacOSX10.5.sdk";
			};
			name = Release;
		};
/* End XCBuildConfiguration section */

/* Begin XCConfigurationList section */
		1DEB913A08733D840010E9CD /* Build configuration list for PBXNativeTarget "BDocuments" */ = {
			isa = XCConfigurationList;
			buildConfigurations = (
				1DEB913B08733D840010E9CD /* Debug */,
				1DEB913C08733D840010E9CD /* Release */,
			);
			defaultConfigurationIsVisible = 0;
			defaultConfigurationName = Release;
		};
		1DEB913E08733D840010E9CD /* Build configuration list for PBXProject "BDocuments" */ = {
			isa = XCConfigurationList;
			buildConfigurations = (
				1DEB913F08733D840010E9CD /* Debug */,
				1DEB914008733D840010E9CD /* Release */,
			);
			defaultConfigurationIsVisible = 0;
			defaultConfigurationName = Release;
		};
/* End XCConfigurationList section */
	};
	rootObject = 089C1669FE841209C02AAC07 /* Project object */;
}
